
Microsoft Visual Studio Solution File, Format Version 12.00
# Visual Studio Version 17
VisualStudioVersion = 17.0.31912.275
MinimumVisualStudioVersion = 10.0.40219.1
Project("{FAE04EC0-301F-11D3-BF4B-00C04F79EFBC}") = "Parquet-Experiment", "Parquet-Experiment.csproj", "{3D0EF1A7-C150-4973-991C-934720E0DA36}"
EndProject
Global
	GlobalSection(SolutionConfigurationPlatforms) = preSolution
		Debug|Any CPU = Debug|Any CPU
		Release|Any CPU = Release|Any CPU
	EndGlobalSection
	GlobalSection(ProjectConfigurationPlatforms) = postSolution
		{3D0EF1A7-C150-4973-991C-934720E0DA36}.Debug|Any CPU.ActiveCfg = Debug|Any CPU
		{3D0EF1A7-C150-4973-991C-934720E0DA36}.Debug|Any CPU.Build.0 = Debug|Any CPU
		{3D0EF1A7-C150-4973-991C-934720E0DA36}.Release|Any CPU.ActiveCfg = Release|Any CPU
		{3D0EF1A7-C150-4973-991C-934720E0DA36}.Release|Any CPU.Build.0 = Release|Any CPU
	EndGlobalSection
	GlobalSection(SolutionProperties) = preSolution
		HideSolutionNode = FALSE
	EndGlobalSection
	GlobalSection(ExtensibilityGlobals) = postSolution
		SolutionGuid = {E08CB711-5F4A-4BC7-B481-A258F33D5770}
	EndGlobalSection
EndGlobal
